# This file is automatically @generated by Poetry 2.0.1 and should not be changed by hand.

[[package]]
name = "dnspython"
version = "2.7.0"
description = "DNS toolkit"
optional = false
python-versions = ">=3.9"
groups = ["main"]
files = [
    {file = "dnspython-2.7.0-py3-none-any.whl", hash = "sha256:b4c34b7d10b51bcc3a5071e7b8dee77939f1e878477eeecc965e9835f63c6c86"},
    {file = "dnspython-2.7.0.tar.gz", hash = "sha256:ce9c432eda0dc91cf618a5cedf1a4e142651196bbcd2c80e89ed5a907e5cfaf1"},
]

[package.extras]
dev = ["black (>=23.1.0)", "coverage (>=7.0)", "flake8 (>=7)", "hypercorn (>=0.16.0)", "mypy (>=1.8)", "pylint (>=3)", "pytest (>=7.4)", "pytest-cov (>=4.1.0)", "quart-trio (>=0.11.0)", "sphinx (>=7.2.0)", "sphinx-rtd-theme (>=2.0.0)", "twine (>=4.0.0)", "wheel (>=0.42.0)"]
dnssec = ["cryptography (>=43)"]
doh = ["h2 (>=4.1.0)", "httpcore (>=1.0.0)", "httpx (>=0.26.0)"]
doq = ["aioquic (>=1.0.0)"]
idna = ["idna (>=3.7)"]
trio = ["trio (>=0.23)"]
wmi = ["wmi (>=1.5.1)"]

[[package]]
name = "ijson"
version = "3.3.0"
description = "Iterative JSON parser with standard Python iterator interfaces"
optional = false
python-versions = "*"
groups = ["main"]
files = [
    {file = "ijson-3.3.0-cp310-cp310-macosx_10_9_universal2.whl", hash = "sha256:7f7a5250599c366369fbf3bc4e176f5daa28eb6bc7d6130d02462ed335361675"},
    {file = "ijson-3.3.0-cp310-cp310-macosx_10_9_x86_64.whl", hash = "sha256:f87a7e52f79059f9c58f6886c262061065eb6f7554a587be7ed3aa63e6b71b34"},
    {file = "ijson-3.3.0-cp310-cp310-macosx_11_0_arm64.whl", hash = "sha256:b73b493af9e947caed75d329676b1b801d673b17481962823a3e55fe529c8b8b"},
    {file = "ijson-3.3.0-cp310-cp310-manylinux_2_17_aarch64.manylinux2014_aarch64.whl", hash = "sha256:d5576415f3d76290b160aa093ff968f8bf6de7d681e16e463a0134106b506f49"},
    {file = "ijson-3.3.0-cp310-cp310-manylinux_2_17_i686.manylinux2014_i686.whl", hash = "sha256:4e9ffe358d5fdd6b878a8a364e96e15ca7ca57b92a48f588378cef315a8b019e"},
    {file = "ijson-3.3.0-cp310-cp310-manylinux_2_17_x86_64.manylinux2014_x86_64.whl", hash = "sha256:8643c255a25824ddd0895c59f2319c019e13e949dc37162f876c41a283361527"},
    {file = "ijson-3.3.0-cp310-cp310-musllinux_1_2_aarch64.whl", hash = "sha256:df3ab5e078cab19f7eaeef1d5f063103e1ebf8c26d059767b26a6a0ad8b250a3"},
    {file = "ijson-3.3.0-cp310-cp310-musllinux_1_2_i686.whl", hash = "sha256:3dc1fb02c6ed0bae1b4bf96971258bf88aea72051b6e4cebae97cff7090c0607"},
    {file = "ijson-3.3.0-cp310-cp310-musllinux_1_2_x86_64.whl", hash = "sha256:e9afd97339fc5a20f0542c971f90f3ca97e73d3050cdc488d540b63fae45329a"},
    {file = "ijson-3.3.0-cp310-cp310-win32.whl", hash = "sha256:844c0d1c04c40fd1b60f148dc829d3f69b2de789d0ba239c35136efe9a386529"},
    {file = "ijson-3.3.0-cp310-cp310-win_amd64.whl", hash = "sha256:d654d045adafdcc6c100e8e911508a2eedbd2a1b5f93f930ba13ea67d7704ee9"},
    {file = "ijson-3.3.0-cp311-cp311-macosx_10_9_universal2.whl", hash = "sha256:501dce8eaa537e728aa35810656aa00460a2547dcb60937c8139f36ec344d7fc"},
    {file = "ijson-3.3.0-cp311-cp311-macosx_10_9_x86_64.whl", hash = "sha256:658ba9cad0374d37b38c9893f4864f284cdcc7d32041f9808fba8c7bcaadf134"},
    {file = "ijson-3.3.0-cp311-cp311-macosx_11_0_arm64.whl", hash = "sha256:2636cb8c0f1023ef16173f4b9a233bcdb1df11c400c603d5f299fac143ca8d70"},
    {file = "ijson-3.3.0-cp311-cp311-manylinux_2_17_aarch64.manylinux2014_aarch64.whl", hash = "sha256:cd174b90db68c3bcca273e9391934a25d76929d727dc75224bf244446b28b03b"},
    {file = "ijson-3.3.0-cp311-cp311-manylinux_2_17_i686.manylinux2014_i686.whl", hash = "sha256:97a9aea46e2a8371c4cf5386d881de833ed782901ac9f67ebcb63bb3b7d115af"},
    {file = "ijson-3.3.0-cp311-cp311-manylinux_2_17_x86_64.manylinux2014_x86_64.whl", hash = "sha256:c594c0abe69d9d6099f4ece17763d53072f65ba60b372d8ba6de8695ce6ee39e"},
    {file = "ijson-3.3.0-cp311-cp311-musllinux_1_2_aarch64.whl", hash = "sha256:8e0ff16c224d9bfe4e9e6bd0395826096cda4a3ef51e6c301e1b61007ee2bd24"},
    {file = "ijson-3.3.0-cp311-cp311-musllinux_1_2_i686.whl", hash = "sha256:0015354011303175eae7e2ef5136414e91de2298e5a2e9580ed100b728c07e51"},
    {file = "ijson-3.3.0-cp311-cp311-musllinux_1_2_x86_64.whl", hash = "sha256:034642558afa57351a0ffe6de89e63907c4cf6849070cc10a3b2542dccda1afe"},
    {file = "ijson-3.3.0-cp311-cp311-win32.whl", hash = "sha256:192e4b65495978b0bce0c78e859d14772e841724d3269fc1667dc6d2f53cc0ea"},
    {file = "ijson-3.3.0-cp311-cp311-win_amd64.whl", hash = "sha256:72e3488453754bdb45c878e31ce557ea87e1eb0f8b4fc610373da35e8074ce42"},
    {file = "ijson-3.3.0-cp312-cp312-macosx_10_9_universal2.whl", hash = "sha256:988e959f2f3d59ebd9c2962ae71b97c0df58323910d0b368cc190ad07429d1bb"},
    {file = "ijson-3.3.0-cp312-cp312-macosx_10_9_x86_64.whl", hash = "sha256:b2f73f0d0fce5300f23a1383d19b44d103bb113b57a69c36fd95b7c03099b181"},
    {file = "ijson-3.3.0-cp312-cp312-macosx_11_0_arm64.whl", hash = "sha256:0ee57a28c6bf523d7cb0513096e4eb4dac16cd935695049de7608ec110c2b751"},
    {file = "ijson-3.3.0-cp312-cp312-manylinux_2_17_aarch64.manylinux2014_aarch64.whl", hash = "sha256:e0155a8f079c688c2ccaea05de1ad69877995c547ba3d3612c1c336edc12a3a5"},
    {file = "ijson-3.3.0-cp312-cp312-manylinux_2_17_i686.manylinux2014_i686.whl", hash = "sha256:7ab00721304af1ae1afa4313ecfa1bf16b07f55ef91e4a5b93aeaa3e2bd7917c"},
    {file = "ijson-3.3.0-cp312-cp312-manylinux_2_17_x86_64.manylinux2014_x86_64.whl", hash = "sha256:40ee3821ee90be0f0e95dcf9862d786a7439bd1113e370736bfdf197e9765bfb"},
    {file = "ijson-3.3.0-cp312-cp312-musllinux_1_2_aarch64.whl", hash = "sha256:da3b6987a0bc3e6d0f721b42c7a0198ef897ae50579547b0345f7f02486898f5"},
    {file = "ijson-3.3.0-cp312-cp312-musllinux_1_2_i686.whl", hash = "sha256:63afea5f2d50d931feb20dcc50954e23cef4127606cc0ecf7a27128ed9f9a9e6"},
    {file = "ijson-3.3.0-cp312-cp312-musllinux_1_2_x86_64.whl", hash = "sha256:b5c3e285e0735fd8c5a26d177eca8b52512cdd8687ca86ec77a0c66e9c510182"},
    {file = "ijson-3.3.0-cp312-cp312-win32.whl", hash = "sha256:907f3a8674e489abdcb0206723e5560a5cb1fa42470dcc637942d7b10f28b695"},
    {file = "ijson-3.3.0-cp312-cp312-win_amd64.whl", hash = "sha256:8f890d04ad33262d0c77ead53c85f13abfb82f2c8f078dfbf24b78f59534dfdd"},
    {file = "ijson-3.3.0-cp36-cp36m-macosx_10_9_x86_64.whl", hash = "sha256:b9d85a02e77ee8ea6d9e3fd5d515bcc3d798d9c1ea54817e5feb97a9bc5d52fe"},
    {file = "ijson-3.3.0-cp36-cp36m-manylinux_2_17_aarch64.manylinux2014_aarch64.whl", hash = "sha256:e6576cdc36d5a09b0c1a3d81e13a45d41a6763188f9eaae2da2839e8a4240bce"},
    {file = "ijson-3.3.0-cp36-cp36m-manylinux_2_17_i686.manylinux2014_i686.whl", hash = "sha256:e5589225c2da4bb732c9c370c5961c39a6db72cf69fb2a28868a5413ed7f39e6"},
    {file = "ijson-3.3.0-cp36-cp36m-manylinux_2_17_x86_64.manylinux2014_x86_64.whl", hash = "sha256:ad04cf38164d983e85f9cba2804566c0160b47086dcca4cf059f7e26c5ace8ca"},
    {file = "ijson-3.3.0-cp36-cp36m-musllinux_1_2_aarch64.whl", hash = "sha256:a3b730ef664b2ef0e99dec01b6573b9b085c766400af363833e08ebc1e38eb2f"},
    {file = "ijson-3.3.0-cp36-cp36m-musllinux_1_2_i686.whl", hash = "sha256:4690e3af7b134298055993fcbea161598d23b6d3ede11b12dca6815d82d101d5"},
    {file = "ijson-3.3.0-cp36-cp36m-musllinux_1_2_x86_64.whl", hash = "sha256:aaa6bfc2180c31a45fac35d40e3312a3d09954638ce0b2e9424a88e24d262a13"},
    {file = "ijson-3.3.0-cp36-cp36m-win32.whl", hash = "sha256:44367090a5a876809eb24943f31e470ba372aaa0d7396b92b953dda953a95d14"},
    {file = "ijson-3.3.0-cp36-cp36m-win_amd64.whl", hash = "sha256:7e2b3e9ca957153557d06c50a26abaf0d0d6c0ddf462271854c968277a6b5372"},
    {file = "ijson-3.3.0-cp37-cp37m-macosx_10_9_x86_64.whl", hash = "sha256:47c144117e5c0e2babb559bc8f3f76153863b8dd90b2d550c51dab5f4b84a87f"},
    {file = "ijson-3.3.0-cp37-cp37m-manylinux_2_17_aarch64.manylinux2014_aarch64.whl", hash = "sha256:29ce02af5fbf9ba6abb70765e66930aedf73311c7d840478f1ccecac53fefbf3"},
    {file = "ijson-3.3.0-cp37-cp37m-manylinux_2_17_i686.manylinux2014_i686.whl", hash = "sha256:4ac6c3eeed25e3e2cb9b379b48196413e40ac4e2239d910bb33e4e7f6c137745"},
    {file = "ijson-3.3.0-cp37-cp37m-manylinux_2_17_x86_64.manylinux2014_x86_64.whl", hash = "sha256:d92e339c69b585e7b1d857308ad3ca1636b899e4557897ccd91bb9e4a56c965b"},
    {file = "ijson-3.3.0-cp37-cp37m-musllinux_1_2_aarch64.whl", hash = "sha256:8c85447569041939111b8c7dbf6f8fa7a0eb5b2c4aebb3c3bec0fb50d7025121"},
    {file = "ijson-3.3.0-cp37-cp37m-musllinux_1_2_i686.whl", hash = "sha256:542c1e8fddf082159a5d759ee1412c73e944a9a2412077ed00b303ff796907dc"},
    {file = "ijson-3.3.0-cp37-cp37m-musllinux_1_2_x86_64.whl", hash = "sha256:30cfea40936afb33b57d24ceaf60d0a2e3d5c1f2335ba2623f21d560737cc730"},
    {file = "ijson-3.3.0-cp37-cp37m-win32.whl", hash = "sha256:6b661a959226ad0d255e49b77dba1d13782f028589a42dc3172398dd3814c797"},
    {file = "ijson-3.3.0-cp37-cp37m-win_amd64.whl", hash = "sha256:0b003501ee0301dbf07d1597482009295e16d647bb177ce52076c2d5e64113e0"},
    {file = "ijson-3.3.0-cp38-cp38-macosx_10_9_universal2.whl", hash = "sha256:3e8d8de44effe2dbd0d8f3eb9840344b2d5b4cc284a14eb8678aec31d1b6bea8"},
    {file = "ijson-3.3.0-cp38-cp38-macosx_10_9_x86_64.whl", hash = "sha256:9cd5c03c63ae06d4f876b9844c5898d0044c7940ff7460db9f4cd984ac7862b5"},
    {file = "ijson-3.3.0-cp38-cp38-macosx_11_0_arm64.whl", hash = "sha256:04366e7e4a4078d410845e58a2987fd9c45e63df70773d7b6e87ceef771b51ee"},
    {file = "ijson-3.3.0-cp38-cp38-manylinux_2_17_aarch64.manylinux2014_aarch64.whl", hash = "sha256:de7c1ddb80fa7a3ab045266dca169004b93f284756ad198306533b792774f10a"},
    {file = "ijson-3.3.0-cp38-cp38-manylinux_2_17_i686.manylinux2014_i686.whl", hash = "sha256:8851584fb931cffc0caa395f6980525fd5116eab8f73ece9d95e6f9c2c326c4c"},
    {file = "ijson-3.3.0-cp38-cp38-manylinux_2_17_x86_64.manylinux2014_x86_64.whl", hash = "sha256:bdcfc88347fd981e53c33d832ce4d3e981a0d696b712fbcb45dcc1a43fe65c65"},
    {file = "ijson-3.3.0-cp38-cp38-musllinux_1_2_aarch64.whl", hash = "sha256:3917b2b3d0dbbe3296505da52b3cb0befbaf76119b2edaff30bd448af20b5400"},
    {file = "ijson-3.3.0-cp38-cp38-musllinux_1_2_i686.whl", hash = "sha256:e10c14535abc7ddf3fd024aa36563cd8ab5d2bb6234a5d22c77c30e30fa4fb2b"},
    {file = "ijson-3.3.0-cp38-cp38-musllinux_1_2_x86_64.whl", hash = "sha256:3aba5c4f97f4e2ce854b5591a8b0711ca3b0c64d1b253b04ea7b004b0a197ef6"},
    {file = "ijson-3.3.0-cp38-cp38-win32.whl", hash = "sha256:b325f42e26659df1a0de66fdb5cde8dd48613da9c99c07d04e9fb9e254b7ee1c"},
    {file = "ijson-3.3.0-cp38-cp38-win_amd64.whl", hash = "sha256:ff835906f84451e143f31c4ce8ad73d83ef4476b944c2a2da91aec8b649570e1"},
    {file = "ijson-3.3.0-cp39-cp39-macosx_10_9_universal2.whl", hash = "sha256:3c556f5553368dff690c11d0a1fb435d4ff1f84382d904ccc2dc53beb27ba62e"},
    {file = "ijson-3.3.0-cp39-cp39-macosx_10_9_x86_64.whl", hash = "sha256:e4396b55a364a03ff7e71a34828c3ed0c506814dd1f50e16ebed3fc447d5188e"},
    {file = "ijson-3.3.0-cp39-cp39-macosx_11_0_arm64.whl", hash = "sha256:e6850ae33529d1e43791b30575070670070d5fe007c37f5d06aebc1dd152ab3f"},
    {file = "ijson-3.3.0-cp39-cp39-manylinux_2_17_aarch64.manylinux2014_aarch64.whl", hash = "sha256:36aa56d68ea8def26778eb21576ae13f27b4a47263a7a2581ab2ef58b8de4451"},
    {file = "ijson-3.3.0-cp39-cp39-manylinux_2_17_i686.manylinux2014_i686.whl", hash = "sha256:a7ec759c4a0fc820ad5dc6a58e9c391e7b16edcb618056baedbedbb9ea3b1524"},
    {file = "ijson-3.3.0-cp39-cp39-manylinux_2_17_x86_64.manylinux2014_x86_64.whl", hash = "sha256:b51bab2c4e545dde93cb6d6bb34bf63300b7cd06716f195dd92d9255df728331"},
    {file = "ijson-3.3.0-cp39-cp39-musllinux_1_2_aarch64.whl", hash = "sha256:92355f95a0e4da96d4c404aa3cff2ff033f9180a9515f813255e1526551298c1"},
    {file = "ijson-3.3.0-cp39-cp39-musllinux_1_2_i686.whl", hash = "sha256:8795e88adff5aa3c248c1edce932db003d37a623b5787669ccf205c422b91e4a"},
    {file = "ijson-3.3.0-cp39-cp39-musllinux_1_2_x86_64.whl", hash = "sha256:8f83f553f4cde6d3d4eaf58ec11c939c94a0ec545c5b287461cafb184f4b3a14"},
    {file = "ijson-3.3.0-cp39-cp39-win32.whl", hash = "sha256:ead50635fb56577c07eff3e557dac39533e0fe603000684eea2af3ed1ad8f941"},
    {file = "ijson-3.3.0-cp39-cp39-win_amd64.whl", hash = "sha256:c8a9befb0c0369f0cf5c1b94178d0d78f66d9cebb9265b36be6e4f66236076b8"},
    {file = "ijson-3.3.0-pp310-pypy310_pp73-macosx_10_9_x86_64.whl", hash = "sha256:2af323a8aec8a50fa9effa6d640691a30a9f8c4925bd5364a1ca97f1ac6b9b5c"},
    {file = "ijson-3.3.0-pp310-pypy310_pp73-manylinux_2_17_aarch64.manylinux2014_aarch64.whl", hash = "sha256:f64f01795119880023ba3ce43072283a393f0b90f52b66cc0ea1a89aa64a9ccb"},
    {file = "ijson-3.3.0-pp310-pypy310_pp73-manylinux_2_17_i686.manylinux2014_i686.whl", hash = "sha256:a716e05547a39b788deaf22725490855337fc36613288aa8ae1601dc8c525553"},
    {file = "ijson-3.3.0-pp310-pypy310_pp73-manylinux_2_17_x86_64.manylinux2014_x86_64.whl", hash = "sha256:473f5d921fadc135d1ad698e2697025045cd8ed7e5e842258295012d8a3bc702"},
    {file = "ijson-3.3.0-pp310-pypy310_pp73-win_amd64.whl", hash = "sha256:dd26b396bc3a1e85f4acebeadbf627fa6117b97f4c10b177d5779577c6607744"},
    {file = "ijson-3.3.0-pp37-pypy37_pp73-macosx_10_9_x86_64.whl", hash = "sha256:25fd49031cdf5fd5f1fd21cb45259a64dad30b67e64f745cc8926af1c8c243d3"},
    {file = "ijson-3.3.0-pp37-pypy37_pp73-manylinux_2_17_aarch64.manylinux2014_aarch64.whl", hash = "sha256:4b72178b1e565d06ab19319965022b36ef41bcea7ea153b32ec31194bec032a2"},
    {file = "ijson-3.3.0-pp37-pypy37_pp73-manylinux_2_17_i686.manylinux2014_i686.whl", hash = "sha256:7d0b6b637d05dbdb29d0bfac2ed8425bb369e7af5271b0cc7cf8b801cb7360c2"},
    {file = "ijson-3.3.0-pp37-pypy37_pp73-manylinux_2_17_x86_64.manylinux2014_x86_64.whl", hash = "sha256:5378d0baa59ae422905c5f182ea0fd74fe7e52a23e3821067a7d58c8306b2191"},
    {file = "ijson-3.3.0-pp37-pypy37_pp73-win_amd64.whl", hash = "sha256:99f5c8ab048ee4233cc4f2b461b205cbe01194f6201018174ac269bf09995749"},
    {file = "ijson-3.3.0-pp38-pypy38_pp73-macosx_10_9_x86_64.whl", hash = "sha256:45ff05de889f3dc3d37a59d02096948ce470699f2368b32113954818b21aa74a"},
    {file = "ijson-3.3.0-pp38-pypy38_pp73-manylinux_2_17_aarch64.manylinux2014_aarch64.whl", hash = "sha256:1efb521090dd6cefa7aafd120581947b29af1713c902ff54336b7c7130f04c47"},
    {file = "ijson-3.3.0-pp38-pypy38_pp73-manylinux_2_17_i686.manylinux2014_i686.whl", hash = "sha256:87c727691858fd3a1c085d9980d12395517fcbbf02c69fbb22dede8ee03422da"},
    {file = "ijson-3.3.0-pp38-pypy38_pp73-manylinux_2_17_x86_64.manylinux2014_x86_64.whl", hash = "sha256:0420c24e50389bc251b43c8ed379ab3e3ba065ac8262d98beb6735ab14844460"},
    {file = "ijson-3.3.0-pp38-pypy38_pp73-win_amd64.whl", hash = "sha256:8fdf3721a2aa7d96577970f5604bd81f426969c1822d467f07b3d844fa2fecc7"},
    {file = "ijson-3.3.0-pp39-pypy39_pp73-macosx_10_9_x86_64.whl", hash = "sha256:891f95c036df1bc95309951940f8eea8537f102fa65715cdc5aae20b8523813b"},
    {file = "ijson-3.3.0-pp39-pypy39_pp73-manylinux_2_17_aarch64.manylinux2014_aarch64.whl", hash = "sha256:ed1336a2a6e5c427f419da0154e775834abcbc8ddd703004108121c6dd9eba9d"},
    {file = "ijson-3.3.0-pp39-pypy39_pp73-manylinux_2_17_i686.manylinux2014_i686.whl", hash = "sha256:f0c819f83e4f7b7f7463b2dc10d626a8be0c85fbc7b3db0edc098c2b16ac968e"},
    {file = "ijson-3.3.0-pp39-pypy39_pp73-manylinux_2_17_x86_64.manylinux2014_x86_64.whl", hash = "sha256:33afc25057377a6a43c892de34d229a86f89ea6c4ca3dd3db0dcd17becae0dbb"},
    {file = "ijson-3.3.0-pp39-pypy39_pp73-win_amd64.whl", hash = "sha256:7914d0cf083471856e9bc2001102a20f08e82311dfc8cf1a91aa422f9414a0d6"},
    {file = "ijson-3.3.0.tar.gz", hash = "sha256:7f172e6ba1bee0d4c8f8ebd639577bfe429dee0f3f96775a067b8bae4492d8a0"},
]

[[package]]
name = "logging"
version = "0.4.9.6"
description = "A logging module for Python"
optional = false
python-versions = "*"
groups = ["main"]
files = [
    {file = "logging-0.4.9.6.tar.gz", hash = "sha256:26f6b50773f085042d301085bd1bf5d9f3735704db9f37c1ce6d8b85c38f2417"},
]

[[package]]
name = "pymongo"
version = "4.10.1"
description = "Python driver for MongoDB <http://www.mongodb.org>"
optional = false
python-versions = ">=3.8"
groups = ["main"]
files = [
    {file = "pymongo-4.10.1-cp310-cp310-macosx_10_9_x86_64.whl", hash = "sha256:e699aa68c4a7dea2ab5a27067f7d3e08555f8d2c0dc6a0c8c60cfd9ff2e6a4b1"},
    {file = "pymongo-4.10.1-cp310-cp310-macosx_11_0_arm64.whl", hash = "sha256:70645abc714f06b4ad6b72d5bf73792eaad14e3a2cfe29c62a9c81ada69d9e4b"},
    {file = "pymongo-4.10.1-cp310-cp310-manylinux_2_17_aarch64.manylinux2014_aarch64.whl", hash = "sha256:ae2fd94c9fe048c94838badcc6e992d033cb9473eb31e5710b3707cba5e8aee2"},
    {file = "pymongo-4.10.1-cp310-cp310-manylinux_2_17_ppc64le.manylinux2014_ppc64le.whl", hash = "sha256:5ded27a4a5374dae03a92e084a60cdbcecd595306555bda553b833baf3fc4868"},
    {file = "pymongo-4.10.1-cp310-cp310-manylinux_2_17_s390x.manylinux2014_s390x.whl", hash = "sha256:1ecc2455e3974a6c429687b395a0bc59636f2d6aedf5785098cf4e1f180f1c71"},
    {file = "pymongo-4.10.1-cp310-cp310-manylinux_2_17_x86_64.manylinux2014_x86_64.whl", hash = "sha256:a920fee41f7d0259f5f72c1f1eb331bc26ffbdc952846f9bd8c3b119013bb52c"},
    {file = "pymongo-4.10.1-cp310-cp310-manylinux_2_5_i686.manylinux1_i686.manylinux_2_17_i686.manylinux2014_i686.whl", hash = "sha256:e0a15665b2d6cf364f4cd114d62452ce01d71abfbd9c564ba8c74dcd7bbd6822"},
    {file = "pymongo-4.10.1-cp310-cp310-win32.whl", hash = "sha256:29e1c323c28a4584b7095378ff046815e39ff82cdb8dc4cc6dfe3acf6f9ad1f8"},
    {file = "pymongo-4.10.1-cp310-cp310-win_amd64.whl", hash = "sha256:88dc4aa45f8744ccfb45164aedb9a4179c93567bbd98a33109d7dc400b00eb08"},
    {file = "pymongo-4.10.1-cp311-cp311-macosx_10_9_x86_64.whl", hash = "sha256:57ee6becae534e6d47848c97f6a6dff69e3cce7c70648d6049bd586764febe59"},
    {file = "pymongo-4.10.1-cp311-cp311-macosx_11_0_arm64.whl", hash = "sha256:6f437a612f4d4f7aca1812311b1e84477145e950fdafe3285b687ab8c52541f3"},
    {file = "pymongo-4.10.1-cp311-cp311-manylinux_2_17_aarch64.manylinux2014_aarch64.whl", hash = "sha256:1a970fd3117ab40a4001c3dad333bbf3c43687d90f35287a6237149b5ccae61d"},
    {file = "pymongo-4.10.1-cp311-cp311-manylinux_2_17_ppc64le.manylinux2014_ppc64le.whl", hash = "sha256:7c4d0e7cd08ef9f8fbf2d15ba281ed55604368a32752e476250724c3ce36c72e"},
    {file = "pymongo-4.10.1-cp311-cp311-manylinux_2_17_s390x.manylinux2014_s390x.whl", hash = "sha256:ca6f700cff6833de4872a4e738f43123db34400173558b558ae079b5535857a4"},
    {file = "pymongo-4.10.1-cp311-cp311-manylinux_2_17_x86_64.manylinux2014_x86_64.whl", hash = "sha256:cec237c305fcbeef75c0bcbe9d223d1e22a6e3ba1b53b2f0b79d3d29c742b45b"},
    {file = "pymongo-4.10.1-cp311-cp311-manylinux_2_5_i686.manylinux1_i686.manylinux_2_17_i686.manylinux2014_i686.whl", hash = "sha256:b3337804ea0394a06e916add4e5fac1c89902f1b6f33936074a12505cab4ff05"},
    {file = "pymongo-4.10.1-cp311-cp311-win32.whl", hash = "sha256:778ac646ce6ac1e469664062dfe9ae1f5c9961f7790682809f5ec3b8fda29d65"},
    {file = "pymongo-4.10.1-cp311-cp311-win_amd64.whl", hash = "sha256:9df4ab5594fdd208dcba81be815fa8a8a5d8dedaf3b346cbf8b61c7296246a7a"},
    {file = "pymongo-4.10.1-cp312-cp312-macosx_10_13_x86_64.whl", hash = "sha256:fbedc4617faa0edf423621bb0b3b8707836687161210d470e69a4184be9ca011"},
    {file = "pymongo-4.10.1-cp312-cp312-macosx_11_0_arm64.whl", hash = "sha256:7bd26b2aec8ceeb95a5d948d5cc0f62b0eb6d66f3f4230705c1e3d3d2c04ec76"},
    {file = "pymongo-4.10.1-cp312-cp312-manylinux_2_17_aarch64.manylinux2014_aarch64.whl", hash = "sha256:fb104c3c2a78d9d85571c8ac90ec4f95bca9b297c6eee5ada71fabf1129e1674"},
    {file = "pymongo-4.10.1-cp312-cp312-manylinux_2_17_ppc64le.manylinux2014_ppc64le.whl", hash = "sha256:4924355245a9c79f77b5cda2db36e0f75ece5faf9f84d16014c0a297f6d66786"},
    {file = "pymongo-4.10.1-cp312-cp312-manylinux_2_17_s390x.manylinux2014_s390x.whl", hash = "sha256:11280809e5dacaef4971113f0b4ff4696ee94cfdb720019ff4fa4f9635138252"},
    {file = "pymongo-4.10.1-cp312-cp312-manylinux_2_17_x86_64.manylinux2014_x86_64.whl", hash = "sha256:e5d55f2a82e5eb23795f724991cac2bffbb1c0f219c0ba3bf73a835f97f1bb2e"},
    {file = "pymongo-4.10.1-cp312-cp312-manylinux_2_5_i686.manylinux1_i686.manylinux_2_17_i686.manylinux2014_i686.whl", hash = "sha256:e974ab16a60be71a8dfad4e5afccf8dd05d41c758060f5d5bda9a758605d9a5d"},
    {file = "pymongo-4.10.1-cp312-cp312-win32.whl", hash = "sha256:544890085d9641f271d4f7a47684450ed4a7344d6b72d5968bfae32203b1bb7c"},
    {file = "pymongo-4.10.1-cp312-cp312-win_amd64.whl", hash = "sha256:dcc07b1277e8b4bf4d7382ca133850e323b7ab048b8353af496d050671c7ac52"},
    {file = "pymongo-4.10.1-cp313-cp313-macosx_10_13_x86_64.whl", hash = "sha256:90bc6912948dfc8c363f4ead54d54a02a15a7fee6cfafb36dc450fc8962d2cb7"},
    {file = "pymongo-4.10.1-cp313-cp313-macosx_11_0_arm64.whl", hash = "sha256:594dd721b81f301f33e843453638e02d92f63c198358e5a0fa8b8d0b1218dabc"},
    {file = "pymongo-4.10.1-cp313-cp313-manylinux_2_17_aarch64.manylinux2014_aarch64.whl", hash = "sha256:0783e0c8e95397c84e9cf8ab092ab1e5dd7c769aec0ef3a5838ae7173b98dea0"},
    {file = "pymongo-4.10.1-cp313-cp313-manylinux_2_17_ppc64le.manylinux2014_ppc64le.whl", hash = "sha256:6fb6a72e88df46d1c1040fd32cd2d2c5e58722e5d3e31060a0393f04ad3283de"},
    {file = "pymongo-4.10.1-cp313-cp313-manylinux_2_17_s390x.manylinux2014_s390x.whl", hash = "sha256:2e3a593333e20c87415420a4fb76c00b7aae49b6361d2e2205b6fece0563bf40"},
    {file = "pymongo-4.10.1-cp313-cp313-manylinux_2_17_x86_64.manylinux2014_x86_64.whl", hash = "sha256:72e2ace7456167c71cfeca7dcb47bd5dceda7db2231265b80fc625c5e8073186"},
    {file = "pymongo-4.10.1-cp313-cp313-manylinux_2_5_i686.manylinux1_i686.manylinux_2_17_i686.manylinux2014_i686.whl", hash = "sha256:8ad05eb9c97e4f589ed9e74a00fcaac0d443ccd14f38d1258eb4c39a35dd722b"},
    {file = "pymongo-4.10.1-cp313-cp313-win32.whl", hash = "sha256:ee4c86d8e6872a61f7888fc96577b0ea165eb3bdb0d841962b444fa36001e2bb"},
    {file = "pymongo-4.10.1-cp313-cp313-win_amd64.whl", hash = "sha256:45ee87a4e12337353242bc758accc7fb47a2f2d9ecc0382a61e64c8f01e86708"},
    {file = "pymongo-4.10.1-cp38-cp38-macosx_10_9_x86_64.whl", hash = "sha256:442ca247f53ad24870a01e80a71cd81b3f2318655fd9d66748ee2bd1b1569d9e"},
    {file = "pymongo-4.10.1-cp38-cp38-macosx_11_0_arm64.whl", hash = "sha256:23e1d62df5592518204943b507be7b457fb8a4ad95a349440406fd42db5d0923"},
    {file = "pymongo-4.10.1-cp38-cp38-manylinux_2_17_aarch64.manylinux2014_aarch64.whl", hash = "sha256:6131bc6568b26e7495a9f3ef2b1700566b76bbecd919f4472bfe90038a61f425"},
    {file = "pymongo-4.10.1-cp38-cp38-manylinux_2_17_ppc64le.manylinux2014_ppc64le.whl", hash = "sha256:fdeba88c540c9ed0338c0b2062d9f81af42b18d6646b3e6dda05cf6edd46ada9"},
    {file = "pymongo-4.10.1-cp38-cp38-manylinux_2_17_s390x.manylinux2014_s390x.whl", hash = "sha256:15a624d752dd3c89d10deb0ef6431559b6d074703cab90a70bb849ece02adc6b"},
    {file = "pymongo-4.10.1-cp38-cp38-manylinux_2_17_x86_64.manylinux2014_x86_64.whl", hash = "sha256:ba164e73fdade9b4614a2497321c5b7512ddf749ed508950bdecc28d8d76a2d9"},
    {file = "pymongo-4.10.1-cp38-cp38-manylinux_2_5_i686.manylinux1_i686.manylinux_2_17_i686.manylinux2014_i686.whl", hash = "sha256:9235fa319993405ae5505bf1333366388add2e06848db7b3deee8f990b69808e"},
    {file = "pymongo-4.10.1-cp38-cp38-manylinux_2_5_i686.manylinux1_i686.whl", hash = "sha256:e4a65567bd17d19f03157c7ec992c6530eafd8191a4e5ede25566792c4fe3fa2"},
    {file = "pymongo-4.10.1-cp38-cp38-manylinux_2_5_x86_64.manylinux1_x86_64.whl", hash = "sha256:f1945d48fb9b8a87d515da07f37e5b2c35b364a435f534c122e92747881f4a7c"},
    {file = "pymongo-4.10.1-cp38-cp38-win32.whl", hash = "sha256:345f8d340802ebce509f49d5833cc913da40c82f2e0daf9f60149cacc9ca680f"},
    {file = "pymongo-4.10.1-cp38-cp38-win_amd64.whl", hash = "sha256:3a70d5efdc0387ac8cd50f9a5f379648ecfc322d14ec9e1ba8ec957e5d08c372"},
    {file = "pymongo-4.10.1-cp39-cp39-macosx_10_9_x86_64.whl", hash = "sha256:15b1492cc5c7cd260229590be7218261e81684b8da6d6de2660cf743445500ce"},
    {file = "pymongo-4.10.1-cp39-cp39-macosx_11_0_arm64.whl", hash = "sha256:95207503c41b97e7ecc7e596d84a61f441b4935f11aa8332828a754e7ada8c82"},
    {file = "pymongo-4.10.1-cp39-cp39-manylinux_2_17_aarch64.manylinux2014_aarch64.whl", hash = "sha256:bb99f003c720c6d83be02c8f1a7787c22384a8ca9a4181e406174db47a048619"},
    {file = "pymongo-4.10.1-cp39-cp39-manylinux_2_17_ppc64le.manylinux2014_ppc64le.whl", hash = "sha256:f2bc1ee4b1ca2c4e7e6b7a5e892126335ec8d9215bcd3ac2fe075870fefc3358"},
    {file = "pymongo-4.10.1-cp39-cp39-manylinux_2_17_s390x.manylinux2014_s390x.whl", hash = "sha256:93a0833c10a967effcd823b4e7445ec491f0bf6da5de0ca33629c0528f42b748"},
    {file = "pymongo-4.10.1-cp39-cp39-manylinux_2_17_x86_64.manylinux2014_x86_64.whl", hash = "sha256:0f56707497323150bd2ed5d63067f4ffce940d0549d4ea2dfae180deec7f9363"},
    {file = "pymongo-4.10.1-cp39-cp39-manylinux_2_5_i686.manylinux1_i686.manylinux_2_17_i686.manylinux2014_i686.whl", hash = "sha256:409ab7d6c4223e5c85881697f365239dd3ed1b58f28e4124b846d9d488c86880"},
    {file = "pymongo-4.10.1-cp39-cp39-manylinux_2_5_i686.manylinux1_i686.whl", hash = "sha256:dac78a650dc0637d610905fd06b5fa6419ae9028cf4d04d6a2657bc18a66bbce"},
    {file = "pymongo-4.10.1-cp39-cp39-manylinux_2_5_x86_64.manylinux1_x86_64.whl", hash = "sha256:1ec3fa88b541e0481aff3c35194c9fac96e4d57ec5d1c122376000eb28c01431"},
    {file = "pymongo-4.10.1-cp39-cp39-win32.whl", hash = "sha256:e0e961923a7b8a1c801c43552dcb8153e45afa41749d9efbd3a6d33f45489f7a"},
    {file = "pymongo-4.10.1-cp39-cp39-win_amd64.whl", hash = "sha256:dabe8bf1ad644e6b93f3acf90ff18536d94538ca4d27e583c6db49889e98e48f"},
    {file = "pymongo-4.10.1.tar.gz", hash = "sha256:a9de02be53b6bb98efe0b9eda84ffa1ec027fcb23a2de62c4f941d9a2f2f3330"},
]

[package.dependencies]
dnspython = ">=1.16.0,<3.0.0"

[package.extras]
aws = ["pymongo-auth-aws (>=1.1.0,<2.0.0)"]
docs = ["furo (==2023.9.10)", "readthedocs-sphinx-search (>=0.3,<1.0)", "sphinx (>=5.3,<8)", "sphinx-autobuild (>=2020.9.1)", "sphinx-rtd-theme (>=2,<3)", "sphinxcontrib-shellcheck (>=1,<2)"]
encryption = ["certifi", "pymongo-auth-aws (>=1.1.0,<2.0.0)", "pymongocrypt (>=1.10.0,<2.0.0)"]
gssapi = ["pykerberos", "winkerberos (>=0.5.0)"]
ocsp = ["certifi", "cryptography (>=2.5)", "pyopenssl (>=17.2.0)", "requests (<3.0.0)", "service-identity (>=18.1.0)"]
snappy = ["python-snappy"]
test = ["pytest (>=8.2)", "pytest-asyncio (>=0.24.0)"]
zstd = ["zstandard"]

[[package]]
name = "python-dotenv"
version = "1.0.1"
description = "Read key-value pairs from a .env file and set them as environment variables"
optional = false
python-versions = ">=3.8"
groups = ["main"]
files = [
    {file = "python-dotenv-1.0.1.tar.gz", hash = "sha256:e324ee90a023d808f1959c46bcbc04446a10ced277783dc6ee09987c37ec10ca"},
    {file = "python_dotenv-1.0.1-py3-none-any.whl", hash = "sha256:f7b63ef50f1b690dddf550d03497b66d609393b40b564ed0d674909a68ebf16a"},
]

[package.extras]
cli = ["click (>=5.0)"]

[metadata]
lock-version = "2.1"
python-versions = ">=3.12"
content-hash = "878e001442e9d3ee454e78b28617dc963cac42ada8f0a41d3f539d988f97dda8"
